# THIS IS AN AUTOGENERATED FILE. DO NOT EDIT THIS FILE DIRECTLY.
# yarn lockfile v1


"@sindresorhus/is@^5.3.0":
  version "5.3.0"
  resolved "https://registry.yarnpkg.com/@sindresorhus/is/-/is-5.3.0.tgz#0ec9264cf54a527671d990eb874e030b55b70dcc"
  integrity sha512-CX6t4SYQ37lzxicAqsBtxA3OseeoVrh9cSJ5PFYam0GksYlupRfy1A+Q4aYD3zvcfECLc0zO2u+ZnR2UYKvCrw==

callsites@^4.0.0:
  version "4.0.0"
  resolved "https://registry.yarnpkg.com/callsites/-/callsites-4.0.0.tgz#8014cea4fedfe681a30e2f7d2d557dd95808a92a"
  integrity sha512-y3jRROutgpKdz5vzEhWM34TidDU8vkJppF8dszITeb1PQmSqV3DTxyV8G/lyO/DNvtE1YTedehmw9MPZsCBHxQ==

dot-prop@^7.2.0:
  version "7.2.0"
  resolved "https://registry.yarnpkg.com/dot-prop/-/dot-prop-7.2.0.tgz#468172a3529779814d21a779c1ba2f6d76609809"
  integrity sha512-Ol/IPXUARn9CSbkrdV4VJo7uCy1I3VuSiWCaFSg+8BdUOzF9n3jefIpcgAydvUZbTdEBZs2vEiTiS9m61ssiDA==
  dependencies:
    type-fest "^2.11.2"

escape-goat@^3.0.0:
  version "3.0.0"
  resolved "https://registry.yarnpkg.com/escape-goat/-/escape-goat-3.0.0.tgz#e8b5fb658553fe8a3c4959c316c6ebb8c842b19c"
  integrity sha512-w3PwNZJwRxlp47QGzhuEBldEqVHHhh8/tIPcl6ecf2Bou99cdAt0knihBV0Ecc7CGxYduXVBDheH1K2oADRlvw==

html-typography-tags@*, html-typography-tags@^4.1.0:
  version "4.1.0"
  resolved "https://registry.yarnpkg.com/html-typography-tags/-/html-typography-tags-4.1.0.tgz#f05bdcad26bfe8fcd7da10179ca56f423e0ad27c"
  integrity sha512-pP/lYW+fJrwk6P4OChPAv6XLerVNOUDs1uzdSptGNTIzHeTJPRbqPJxY0U/3ZzgTo6x+O4rdxnMcWI8Xib4VvA==
  dependencies:
    stringify-attributes "^3.0.0"

lodash.isequal@^4.5.0:
  version "4.5.0"
  resolved "https://registry.yarnpkg.com/lodash.isequal/-/lodash.isequal-4.5.0.tgz#415c4478f2bcc30120c22ce10ed3226f7d3e18e0"
  integrity sha512-pDo3lu8Jhfjqls6GkMgpahsF9kCyayhgykjyLMNFTKWrpVdAQtYyB4muAMWozBB4ig/dtWAmsMxLEI8wuz+DYQ==

nmtg-template-layout-weekly@^1.0.0:
  version "1.0.0"
  resolved "https://registry.yarnpkg.com/nmtg-template-layout-weekly/-/nmtg-template-layout-weekly-1.0.0.tgz#bfb2d145586a92203723cfb5c9421c3bf1ce6e1c"
  integrity sha512-ibeR1gfjUqlfcSN2TIbczEpmV75MK5Av2CaQzxgR62zxxJiCsFZ8XfslBXkUe2F7SggM3xZy6zlDkGllkDqU2A==
  dependencies:
    html-typography-tags "^4.1.0"
    nmtg-template-mailerlite-typography "^5.1.0"

nmtg-template-mailerlite-inner@^7.0.0:
  version "7.0.0"
  resolved "https://registry.yarnpkg.com/nmtg-template-mailerlite-inner/-/nmtg-template-mailerlite-inner-7.0.0.tgz#0c7ab5ffbc776314bb1b585ae5d1a6bcf2e80524"
  integrity sha512-ySFUZklFw/fqELVu2MeuXmwbgkqS50dsm49s5R0CoPWyfI8KHvF3UhEM0sSmFjW8NGWorGkE6GNjWRmMTliGHg==
  dependencies:
    html-typography-tags "^4.1.0"
    nmtg-template-layout-weekly "^1.0.0"
    nmtg-template-mailerlite-typography "*"

nmtg-template-mailerlite-outertemplate@^5.1.0:
  version "5.1.0"
  resolved "https://registry.yarnpkg.com/nmtg-template-mailerlite-outertemplate/-/nmtg-template-mailerlite-outertemplate-5.1.0.tgz#d11a733548c0298bc315df3da8f78eabfef8b9f1"
  integrity sha512-DodZgcRZQ4A1SyH9pxpDTlkmuqujQTP+ENPz3oxmdzvfXREz1nos6/4QXliX4wnMMwOf89T9ydIAirgbVV+GwA==
  dependencies:
    html-typography-tags "*"
    nmtg-template-mailerlite-typography "*"
    ow "^1.1.1"

nmtg-template-mailerlite-typography@*, nmtg-template-mailerlite-typography@^5.1.0:
  version "5.1.0"
  resolved "https://registry.yarnpkg.com/nmtg-template-mailerlite-typography/-/nmtg-template-mailerlite-typography-5.1.0.tgz#09e47af572ef1489b19a8efd5de1ce76e1af8d31"
  integrity sha512-ut9m2AQzDOws6Rub+Ebihs7tqrhYzKzXaVIxdvYsHASS4Yila8Ro0CtOQNyeAnn7YD1GPgmG5ZXNFG6qNYBNLQ==
  dependencies:
    html-typography-tags "*"
    stringify-attributes "^3.0.0"

ow@^1.1.1:
  version "1.1.1"
  resolved "https://registry.yarnpkg.com/ow/-/ow-1.1.1.tgz#354a0f7df9d8d0cf961b29116daf972ef6be1632"
  integrity sha512-sJBRCbS5vh1Jp9EOgwp1Ws3c16lJrUkJYlvWTYC03oyiYVwS/ns7lKRWow4w4XjDyTrA2pplQv4B2naWSR6yDA==
  dependencies:
    "@sindresorhus/is" "^5.3.0"
    callsites "^4.0.0"
    dot-prop "^7.2.0"
    lodash.isequal "^4.5.0"
    vali-date "^1.0.0"

stringify-attributes@^3.0.0:
  version "3.0.0"
  resolved "https://registry.yarnpkg.com/stringify-attributes/-/stringify-attributes-3.0.0.tgz#10d8c3615924df47b70d28c848d71c8afb0a8e52"
  integrity sha512-tJKiThlLfog6ljT7ZTihlMh0iAtjKlu/ss9DMmBE5oOosbMqOMcuxc7zDfxP2lGzSb2Bwvbd3gQTqTSCmXyySw==
  dependencies:
    escape-goat "^3.0.0"

type-fest@^2.11.2:
  version "2.19.0"
  resolved "https://registry.yarnpkg.com/type-fest/-/type-fest-2.19.0.tgz#88068015bb33036a598b952e55e9311a60fd3a9b"
  integrity sha512-RAH822pAdBgcNMAfWnCBU3CFZcfZ/i1eZjwFU/dsLKumyuuP3niueg2UAukXYF0E2AAoc82ZSSf9J0WQBinzHA==

vali-date@^1.0.0:
  version "1.0.0"
  resolved "https://registry.yarnpkg.com/vali-date/-/vali-date-1.0.0.tgz#1b904a59609fb328ef078138420934f6b86709a6"
  integrity sha512-sgECfZthyaCKW10N0fm27cg8HYTFK5qMWgypqkXMQ4Wbl/zZKx7xZICgcoxIIE+WFAP/MBL2EFwC/YvLxw3Zeg==
