# THIS IS AN AUTOGENERATED FILE. DO NOT EDIT THIS FILE DIRECTLY.
# yarn lockfile v1


escape-goat@^3.0.0:
  version "3.0.0"
  resolved "https://registry.npmjs.org/escape-goat/-/escape-goat-3.0.0.tgz"
  integrity sha512-w3PwNZJwRxlp47QGzhuEBldEqVHHhh8/tIPcl6ecf2Bou99cdAt0knihBV0Ecc7CGxYduXVBDheH1K2oADRlvw==

html-typography-tags@^5.0.0:
  version "5.0.0"
  resolved "https://registry.yarnpkg.com/html-typography-tags/-/html-typography-tags-5.0.0.tgz#4b3317f51b78e14cf3f761d97a53545c32d14098"
  integrity sha512-dZhMqN04xXqF/wx4RXDcgNYaBRJsEVSiXvecXtcb0IzywgzhuzBM4FAVxx+Oi7owe6aBJuoXIERyzPfQSdF6nA==
  dependencies:
    stringify-attributes "^3.0.0"

nmtg-template-mailerlite-typography@^7.0.0:
  version "7.0.0"
  resolved "https://registry.yarnpkg.com/nmtg-template-mailerlite-typography/-/nmtg-template-mailerlite-typography-7.0.0.tgz#efbc34f9a3207edc9f29ec0203d3c5f09412ffdc"
  integrity sha512-CT/vx+N96J9EaU+YSwOOnFV8eZrw3yjHtzgRf7Y7SNFvCoH6jJxAOA1DhHW2DjQdkuDXAHlfBbfW+Jgpfyar+A==
  dependencies:
    html-typography-tags "^5.0.0"
    stringify-attributes "^3.0.0"

stringify-attributes@^3.0.0:
  version "3.0.0"
  resolved "https://registry.npmjs.org/stringify-attributes/-/stringify-attributes-3.0.0.tgz"
  integrity sha512-tJKiThlLfog6ljT7ZTihlMh0iAtjKlu/ss9DMmBE5oOosbMqOMcuxc7zDfxP2lGzSb2Bwvbd3gQTqTSCmXyySw==
  dependencies:
    escape-goat "^3.0.0"
