# THIS IS AN AUTOGENERATED FILE. DO NOT EDIT THIS FILE DIRECTLY.
# yarn lockfile v1


"escape-goat@^3.0.0":
  "integrity" "sha512-w3PwNZJwRxlp47QGzhuEBldEqVHHhh8/tIPcl6ecf2Bou99cdAt0knihBV0Ecc7CGxYduXVBDheH1K2oADRlvw=="
  "resolved" "https://registry.npmjs.org/escape-goat/-/escape-goat-3.0.0.tgz"
  "version" "3.0.0"

"html-typography-tags@^5.0.0":
  "integrity" "sha512-dZhMqN04xXqF/wx4RXDcgNYaBRJsEVSiXvecXtcb0IzywgzhuzBM4FAVxx+Oi7owe6aBJuoXIERyzPfQSdF6nA=="
  "resolved" "https://registry.npmjs.org/html-typography-tags/-/html-typography-tags-5.0.0.tgz"
  "version" "5.0.0"
  dependencies:
    "stringify-attributes" "^3.0.0"

"stringify-attributes@^3.0.0":
  "integrity" "sha512-tJKiThlLfog6ljT7ZTihlMh0iAtjKlu/ss9DMmBE5oOosbMqOMcuxc7zDfxP2lGzSb2Bwvbd3gQTqTSCmXyySw=="
  "resolved" "https://registry.npmjs.org/stringify-attributes/-/stringify-attributes-3.0.0.tgz"
  "version" "3.0.0"
  dependencies:
    "escape-goat" "^3.0.0"

"tslib@^2.3.0":
  "integrity" "sha512-336iVw3rtn2BUK7ORdIAHTyxHGRIHVReokCR3XjbckJMK7ms8FysBfhLR8IXnAgy7T0PTPNBWKiH514FOW/WSg=="
  "resolved" "https://registry.npmjs.org/tslib/-/tslib-2.5.0.tgz"
  "version" "2.5.0"
